
Microsoft Visual Studio Solution File, Format Version 12.00
# Visual Studio Version 17
VisualStudioVersion = 17.0.31903.59
MinimumVisualStudioVersion = 10.0.40219.1
Project("{2150E333-8FDC-42A3-9474-1A3956D46DE8}") = "Api", "Api", "{D82C56D6-B2CD-F611-9E31-04638F7EC30E}"
EndProject
Project("{FAE04EC0-301F-11D3-BF4B-00C04F79EFBC}") = "veiculos", "Api\veiculos.csproj", "{00B4457E-E411-4AE7-8321-80323245880D}"
EndProject
Project("{FAE04EC0-301F-11D3-BF4B-00C04F79EFBC}") = "Test", "Test\Test.csproj", "{96BF6C63-EA25-4232-BB42-07AFF605B3FE}"
EndProject
Global
	GlobalSection(SolutionConfigurationPlatforms) = preSolution
		Debug|Any CPU = Debug|Any CPU
		Debug|x64 = Debug|x64
		Debug|x86 = Debug|x86
		Release|Any CPU = Release|Any CPU
		Release|x64 = Release|x64
		Release|x86 = Release|x86
	EndGlobalSection
	GlobalSection(ProjectConfigurationPlatforms) = postSolution
		{00B4457E-E411-4AE7-8321-80323245880D}.Debug|Any CPU.ActiveCfg = Debug|Any CPU
		{00B4457E-E411-4AE7-8321-80323245880D}.Debug|Any CPU.Build.0 = Debug|Any CPU
		{00B4457E-E411-4AE7-8321-80323245880D}.Debug|x64.ActiveCfg = Debug|Any CPU
		{00B4457E-E411-4AE7-8321-80323245880D}.Debug|x64.Build.0 = Debug|Any CPU
		{00B4457E-E411-4AE7-8321-80323245880D}.Debug|x86.ActiveCfg = Debug|Any CPU
		{00B4457E-E411-4AE7-8321-80323245880D}.Debug|x86.Build.0 = Debug|Any CPU
		{00B4457E-E411-4AE7-8321-80323245880D}.Release|Any CPU.ActiveCfg = Release|Any CPU
		{00B4457E-E411-4AE7-8321-80323245880D}.Release|Any CPU.Build.0 = Release|Any CPU
		{00B4457E-E411-4AE7-8321-80323245880D}.Release|x64.ActiveCfg = Release|Any CPU
		{00B4457E-E411-4AE7-8321-80323245880D}.Release|x64.Build.0 = Release|Any CPU
		{00B4457E-E411-4AE7-8321-80323245880D}.Release|x86.ActiveCfg = Release|Any CPU
		{00B4457E-E411-4AE7-8321-80323245880D}.Release|x86.Build.0 = Release|Any CPU
		{96BF6C63-EA25-4232-BB42-07AFF605B3FE}.Debug|Any CPU.ActiveCfg = Debug|Any CPU
		{96BF6C63-EA25-4232-BB42-07AFF605B3FE}.Debug|Any CPU.Build.0 = Debug|Any CPU
		{96BF6C63-EA25-4232-BB42-07AFF605B3FE}.Debug|x64.ActiveCfg = Debug|Any CPU
		{96BF6C63-EA25-4232-BB42-07AFF605B3FE}.Debug|x64.Build.0 = Debug|Any CPU
		{96BF6C63-EA25-4232-BB42-07AFF605B3FE}.Debug|x86.ActiveCfg = Debug|Any CPU
		{96BF6C63-EA25-4232-BB42-07AFF605B3FE}.Debug|x86.Build.0 = Debug|Any CPU
		{96BF6C63-EA25-4232-BB42-07AFF605B3FE}.Release|Any CPU.ActiveCfg = Release|Any CPU
		{96BF6C63-EA25-4232-BB42-07AFF605B3FE}.Release|Any CPU.Build.0 = Release|Any CPU
		{96BF6C63-EA25-4232-BB42-07AFF605B3FE}.Release|x64.ActiveCfg = Release|Any CPU
		{96BF6C63-EA25-4232-BB42-07AFF605B3FE}.Release|x64.Build.0 = Release|Any CPU
		{96BF6C63-EA25-4232-BB42-07AFF605B3FE}.Release|x86.ActiveCfg = Release|Any CPU
		{96BF6C63-EA25-4232-BB42-07AFF605B3FE}.Release|x86.Build.0 = Release|Any CPU
	EndGlobalSection
	GlobalSection(SolutionProperties) = preSolution
		HideSolutionNode = FALSE
	EndGlobalSection
	GlobalSection(NestedProjects) = preSolution
		{00B4457E-E411-4AE7-8321-80323245880D} = {D82C56D6-B2CD-F611-9E31-04638F7EC30E}
	EndGlobalSection
EndGlobal
